// !$*UTF8*$!
{
	archiveVersion = 1;
	classes = {
	};
	objectVersion = 50;
	objects = {

/* Begin PBXBuildFile section */
		E316CA6324B3809F00117AE2 /* AppDelegate.swift in Sources */ = {isa = PBXBuildFile; fileRef = E316CA6224B3809F00117AE2 /* AppDelegate.swift */; };
		E316CA6524B3809F00117AE2 /* SceneDelegate.swift in Sources */ = {isa = PBXBuildFile; fileRef = E316CA6424B3809F00117AE2 /* SceneDelegate.swift */; };
		E316CA6724B3809F00117AE2 /* ViewController.swift in Sources */ = {isa = PBXBuildFile; fileRef = E316CA6624B3809F00117AE2 /* ViewController.swift */; };
		E316CA6A24B3809F00117AE2 /* Main.storyboard in Resources */ = {isa = PBXBuildFile; fileRef = E316CA6824B3809F00117AE2 /* Main.storyboard */; };
		E316CA6C24B380A200117AE2 /* Assets.xcassets in Resources */ = {isa = PBXBuildFile; fileRef = E316CA6B24B380A200117AE2 /* Assets.xcassets */; };
		E316CA6F24B380A200117AE2 /* LaunchScreen.storyboard in Resources */ = {isa = PBXBuildFile; fileRef = E316CA6D24B380A200117AE2 /* LaunchScreen.storyboard */; };
		E316CA7724B39B1B00117AE2 /* intro.mp4 in Resources */ = {isa = PBXBuildFile; fileRef = E316CA7624B3997100117AE2 /* intro.mp4 */; };
		E3689AF324B4F38F00841410 /* ViewControllerTwo.swift in Sources */ = {isa = PBXBuildFile; fileRef = E3689AF224B4F38F00841410 /* ViewControllerTwo.swift */; };
/* End PBXBuildFile section */

/* Begin PBXFileReference section */
		E316CA5F24B3809F00117AE2 /* VideoPayBackgroundDemo.app */ = {isa = PBXFileReference; explicitFileType = wrapper.application; includeInIndex = 0; path = VideoPayBackgroundDemo.app; sourceTree = BUILT_PRODUCTS_DIR; };
		E316CA6224B3809F00117AE2 /* AppDelegate.swift */ = {isa = PBXFileReference; lastKnownFileType = sourcecode.swift; path = AppDelegate.swift; sourceTree = "<group>"; };
		E316CA6424B3809F00117AE2 /* SceneDelegate.swift */ = {isa = PBXFileReference; lastKnownFileType = sourcecode.swift; path = SceneDelegate.swift; sourceTree = "<group>"; };
		E316CA6624B3809F00117AE2 /* ViewController.swift */ = {isa = PBXFileReference; lastKnownFileType = sourcecode.swift; path = ViewController.swift; sourceTree = "<group>"; };
		E316CA6924B3809F00117AE2 /* Base */ = {isa = PBXFileReference; lastKnownFileType = file.storyboard; name = Base; path = Base.lproj/Main.storyboard; sourceTree = "<group>"; };
		E316CA6B24B380A200117AE2 /* Assets.xcassets */ = {isa = PBXFileReference; lastKnownFileType = folder.assetcatalog; path = Assets.xcassets; sourceTree = "<group>"; };
		E316CA6E24B380A200117AE2 /* Base */ = {isa = PBXFileReference; lastKnownFileType = file.storyboard; name = Base; path = Base.lproj/LaunchScreen.storyboard; sourceTree = "<group>"; };
		E316CA7024B380A200117AE2 /* Info.plist */ = {isa = PBXFileReference; lastKnownFileType = text.plist.xml; path = Info.plist; sourceTree = "<group>"; };
		E316CA7624B3997100117AE2 /* intro.mp4 */ = {isa = PBXFileReference; lastKnownFileType = file; path = intro.mp4; sourceTree = "<group>"; };
		E3689AF224B4F38F00841410 /* ViewControllerTwo.swift */ = {isa = PBXFileReference; lastKnownFileType = sourcecode.swift; path = ViewControllerTwo.swift; sourceTree = "<group>"; };
/* End PBXFileReference section */

/* Begin PBXFrameworksBuildPhase section */
		E316CA5C24B3809F00117AE2 /* Frameworks */ = {
			isa = PBXFrameworksBuildPhase;
			buildActionMask = 2147483647;
			files = (
			);
			runOnlyForDeploymentPostprocessing = 0;
		};
/* End PBXFrameworksBuildPhase section */

/* Begin PBXGroup section */
		E316CA5624B3809F00117AE2 = {
			isa = PBXGroup;
			children = (
				E316CA6124B3809F00117AE2 /* VideoPayBackgroundDemo */,
				E316CA6024B3809F00117AE2 /* Products */,
			);
			sourceTree = "<group>";
		};
		E316CA6024B3809F00117AE2 /* Products */ = {
			isa = PBXGroup;
			children = (
				E316CA5F24B3809F00117AE2 /* VideoPayBackgroundDemo.app */,
			);
			name = Products;
			sourceTree = "<group>";
		};
		E316CA6124B3809F00117AE2 /* VideoPayBackgroundDemo */ = {
			isa = PBXGroup;
			children = (
				E316CA6224B3809F00117AE2 /* AppDelegate.swift */,
				E316CA6424B3809F00117AE2 /* SceneDelegate.swift */,
				E316CA6624B3809F00117AE2 /* ViewController.swift */,
				E316CA6824B3809F00117AE2 /* Main.storyboard */,
				E316CA6B24B380A200117AE2 /* Assets.xcassets */,
				E316CA7624B3997100117AE2 /* intro.mp4 */,
				E316CA6D24B380A200117AE2 /* LaunchScreen.storyboard */,
				E316CA7024B380A200117AE2 /* Info.plist */,
				E3689AF224B4F38F00841410 /* ViewControllerTwo.swift */,
			);
			path = VideoPayBackgroundDemo;
			sourceTree = "<group>";
		};
/* End PBXGroup section */

/* Begin PBXNativeTarget section */
		E316CA5E24B3809F00117AE2 /* VideoPayBackgroundDemo */ = {
			isa = PBXNativeTarget;
			buildConfigurationList = E316CA7324B380A200117AE2 /* Build configuration list for PBXNativeTarget "VideoPayBackgroundDemo" */;
			buildPhases = (
				E316CA5B24B3809F00117AE2 /* Sources */,
				E316CA5C24B3809F00117AE2 /* Frameworks */,
				E316CA5D24B3809F00117AE2 /* Resources */,
			);
			buildRules = (
			);
			dependencies = (
			);
			name = VideoPayBackgroundDemo;
			productName = VideoPayBackgroundDemo;
			productReference = E316CA5F24B3809F00117AE2 /* VideoPayBackgroundDemo.app */;
			productType = "com.apple.product-type.application";
		};
/* End PBXNativeTarget section */

/* Begin PBXProject section */
		E316CA5724B3809F00117AE2 /* Project object */ = {
			isa = PBXProject;
			attributes = {
				LastSwiftUpdateCheck = 1110;
				LastUpgradeCheck = 1110;
				ORGANIZATIONNAME = "Rajesh Kumar Sahil";
				TargetAttributes = {
					E316CA5E24B3809F00117AE2 = {
						CreatedOnToolsVersion = 11.1;
					};
				};
			};
			buildConfigurationList = E316CA5A24B3809F00117AE2 /* Build configuration list for PBXProject "VideoPayBackgroundDemo" */;
			compatibilityVersion = "Xcode 9.3";
			developmentRegion = en;
			hasScannedForEncodings = 0;
			knownRegions = (
				en,
				Base,
			);
			mainGroup = E316CA5624B3809F00117AE2;
			productRefGroup = E316CA6024B3809F00117AE2 /* Products */;
			projectDirPath = "";
			projectRoot = "";
			targets = (
				E316CA5E24B3809F00117AE2 /* VideoPayBackgroundDemo */,
			);
		};
/* End PBXProject section */

/* Begin PBXResourcesBuildPhase section */
		E316CA5D24B3809F00117AE2 /* Resources */ = {
			isa = PBXResourcesBuildPhase;
			buildActionMask = 2147483647;
			files = (
				E316CA7724B39B1B00117AE2 /* intro.mp4 in Resources */,
				E316CA6F24B380A200117AE2 /* LaunchScreen.storyboard in Resources */,
				E316CA6C24B380A200117AE2 /* Assets.xcassets in Resources */,
				E316CA6A24B3809F00117AE2 /* Main.storyboard in Resources */,
			);
			runOnlyForDeploymentPostprocessing = 0;
		};
/* End PBXResourcesBuildPhase section */

/* Begin PBXSourcesBuildPhase section */
		E316CA5B24B3809F00117AE2 /* Sources */ = {
			isa = PBXSourcesBuildPhase;
			buildActionMask = 2147483647;
			files = (
				E316CA6724B3809F00117AE2 /* ViewController.swift in Sources */,
				E316CA6324B3809F00117AE2 /* AppDelegate.swift in Sources */,
				E316CA6524B3809F00117AE2 /* SceneDelegate.swift in Sources */,
				E3689AF324B4F38F00841410 /* ViewControllerTwo.swift in Sources */,
			);
			runOnlyForDeploymentPostprocessing = 0;
		};
/* End PBXSourcesBuildPhase section */

/* Begin PBXVariantGroup section */
		E316CA6824B3809F00117AE2 /* Main.storyboard */ = {
			isa = PBXVariantGroup;
			children = (
				E316CA6924B3809F00117AE2 /* Base */,
			);
			name = Main.storyboard;
			sourceTree = "<group>";
		};
		E316CA6D24B380A200117AE2 /* LaunchScreen.storyboard */ = {
			isa = PBXVariantGroup;
			children = (
				E316CA6E24B380A200117AE2 /* Base */,
			);
			name = LaunchScreen.storyboard;
			sourceTree = "<group>";
		};
/* End PBXVariantGroup section */

/* Begin XCBuildConfiguration section */
		E316CA7124B380A200117AE2 /* Debug */ = {
			isa = XCBuildConfiguration;
			buildSettings = {
				ALWAYS_SEARCH_USER_PATHS = NO;
				CLANG_ANALYZER_NONNULL = YES;
				CLANG_ANALYZER_NUMBER_OBJECT_CONVERSION = YES_AGGRESSIVE;
				CLANG_CXX_LANGUAGE_STANDARD = "gnu++14";
				CLANG_CXX_LIBRARY = "libc++";
				CLANG_ENABLE_MODULES = YES;
				CLANG_ENABLE_OBJC_ARC = YES;
				CLANG_ENABLE_OBJC_WEAK = YES;
				CLANG_WARN_BLOCK_CAPTURE_AUTORELEASING = YES;
				CLANG_WARN_BOOL_CONVERSION = YES;
				CLANG_WARN_COMMA = YES;
				CLANG_WARN_CONSTANT_CONVERSION = YES;
				CLANG_WARN_DEPRECATED_OBJC_IMPLEMENTATIONS = YES;
				CLANG_WARN_DIRECT_OBJC_ISA_USAGE = YES_ERROR;
				CLANG_WARN_DOCUMENTATION_COMMENTS = YES;
				CLANG_WARN_EMPTY_BODY = YES;
				CLANG_WARN_ENUM_CONVERSION = YES;
				CLANG_WARN_INFINITE_RECURSION = YES;
				CLANG_WARN_INT_CONVERSION = YES;
				CLANG_WARN_NON_LITERAL_NULL_CONVERSION = YES;
				CLANG_WARN_OBJC_IMPLICIT_RETAIN_SELF = YES;
				CLANG_WARN_OBJC_LITERAL_CONVERSION = YES;
				CLANG_WARN_OBJC_ROOT_CLASS = YES_ERROR;
				CLANG_WARN_RANGE_LOOP_ANALYSIS = YES;
				CLANG_WARN_STRICT_PROTOTYPES = YES;
				CLANG_WARN_SUSPICIOUS_MOVE = YES;
				CLANG_WARN_UNGUARDED_AVAILABILITY = YES_AGGRESSIVE;
				CLANG_WARN_UNREACHABLE_CODE = YES;
				CLANG_WARN__DUPLICATE_METHOD_MATCH = YES;
				COPY_PHASE_STRIP = NO;
				DEBUG_INFORMATION_FORMAT = dwarf;
				ENABLE_STRICT_OBJC_MSGSEND = YES;
				ENABLE_TESTABILITY = YES;
				GCC_C_LANGUAGE_STANDARD = gnu11;
				GCC_DYNAMIC_NO_PIC = NO;
				GCC_NO_COMMON_BLOCKS = YES;
				GCC_OPTIMIZATION_LEVEL = 0;
				GCC_PREPROCESSOR_DEFINITIONS = (
					"DEBUG=1",
					"$(inherited)",
				);
				GCC_WARN_64_TO_32_BIT_CONVERSION = YES;
				GCC_WARN_ABOUT_RETURN_TYPE = YES_ERROR;
				GCC_WARN_UNDECLARED_SELECTOR = YES;
				GCC_WARN_UNINITIALIZED_AUTOS = YES_AGGRESSIVE;
				GCC_WARN_UNUSED_FUNCTION = YES;
				GCC_WARN_UNUSED_VARIABLE = YES;
				IPHONEOS_DEPLOYMENT_TARGET = 13.1;
				MTL_ENABLE_DEBUG_INFO = INCLUDE_SOURCE;
				MTL_FAST_MATH = YES;
				ONLY_ACTIVE_ARCH = YES;
				SDKROOT = iphoneos;
				SWIFT_ACTIVE_COMPILATION_CONDITIONS = DEBUG;
				SWIFT_OPTIMIZATION_LEVEL = "-Onone";
			};
			name = Debug;
		};
		E316CA7224B380A200117AE2 /* Release */ = {
			isa = XCBuildConfiguration;
			buildSettings = {
				ALWAYS_SEARCH_USER_PATHS = NO;
				CLANG_ANALYZER_NONNULL = YES;
				CLANG_ANALYZER_NUMBER_OBJECT_CONVERSION = YES_AGGRESSIVE;
				CLANG_CXX_LANGUAGE_STANDARD = "gnu++14";
				CLANG_CXX_LIBRARY = "libc++";
				CLANG_ENABLE_MODULES = YES;
				CLANG_ENABLE_OBJC_ARC = YES;
				CLANG_ENABLE_OBJC_WEAK = YES;
				CLANG_WARN_BLOCK_CAPTURE_AUTORELEASING = YES;
				CLANG_WARN_BOOL_CONVERSION = YES;
				CLANG_WARN_COMMA = YES;
				CLANG_WARN_CONSTANT_CONVERSION = YES;
				CLANG_WARN_DEPRECATED_OBJC_IMPLEMENTATIONS = YES;
				CLANG_WARN_DIRECT_OBJC_ISA_USAGE = YES_ERROR;
				CLANG_WARN_DOCUMENTATION_COMMENTS = YES;
				CLANG_WARN_EMPTY_BODY = YES;
				CLANG_WARN_ENUM_CONVERSION = YES;
				CLANG_WARN_INFINITE_RECURSION = YES;
				CLANG_WARN_INT_CONVERSION = YES;
				CLANG_WARN_NON_LITERAL_NULL_CONVERSION = YES;
				CLANG_WARN_OBJC_IMPLICIT_RETAIN_SELF = YES;
				CLANG_WARN_OBJC_LITERAL_CONVERSION = YES;
				CLANG_WARN_OBJC_ROOT_CLASS = YES_ERROR;
				CLANG_WARN_RANGE_LOOP_ANALYSIS = YES;
				CLANG_WARN_STRICT_PROTOTYPES = YES;
				CLANG_WARN_SUSPICIOUS_MOVE = YES;
				CLANG_WARN_UNGUARDED_AVAILABILITY = YES_AGGRESSIVE;
				CLANG_WARN_UNREACHABLE_CODE = YES;
				CLANG_WARN__DUPLICATE_METHOD_MATCH = YES;
				COPY_PHASE_STRIP = NO;
				DEBUG_INFORMATION_FORMAT = "dwarf-with-dsym";
				ENABLE_NS_ASSERTIONS = NO;
				ENABLE_STRICT_OBJC_MSGSEND = YES;
				GCC_C_LANGUAGE_STANDARD = gnu11;
				GCC_NO_COMMON_BLOCKS = YES;
				GCC_WARN_64_TO_32_BIT_CONVERSION = YES;
				GCC_WARN_ABOUT_RETURN_TYPE = YES_ERROR;
				GCC_WARN_UNDECLARED_SELECTOR = YES;
				GCC_WARN_UNINITIALIZED_AUTOS = YES_AGGRESSIVE;
				GCC_WARN_UNUSED_FUNCTION = YES;
				GCC_WARN_UNUSED_VARIABLE = YES;
				IPHONEOS_DEPLOYMENT_TARGET = 13.1;
				MTL_ENABLE_DEBUG_INFO = NO;
				MTL_FAST_MATH = YES;
				SDKROOT = iphoneos;
				SWIFT_COMPILATION_MODE = wholemodule;
				SWIFT_OPTIMIZATION_LEVEL = "-O";
				VALIDATE_PRODUCT = YES;
			};
			name = Release;
		};
		E316CA7424B380A200117AE2 /* Debug */ = {
			isa = XCBuildConfiguration;
			buildSettings = {
				ASSETCATALOG_COMPILER_APPICON_NAME = AppIcon;
				CODE_SIGN_STYLE = Automatic;
				DEVELOPMENT_TEAM = F7X5NH2GJM;
				INFOPLIST_FILE = VideoPayBackgroundDemo/Info.plist;
				LD_RUNPATH_SEARCH_PATHS = (
					"$(inherited)",
					"@executable_path/Frameworks",
				);
				PRODUCT_BUNDLE_IDENTIFIER = Minhasoft.VideoPayBackgroundDemo;
				PRODUCT_NAME = "$(TARGET_NAME)";
				SWIFT_VERSION = 5.0;
				TARGETED_DEVICE_FAMILY = "1,2";
			};
			name = Debug;
		};
		E316CA7524B380A200117AE2 /* Release */ = {
			isa = XCBuildConfiguration;
			buildSettings = {
				ASSETCATALOG_COMPILER_APPICON_NAME = AppIcon;
				CODE_SIGN_STYLE = Automatic;
				DEVELOPMENT_TEAM = F7X5NH2GJM;
				INFOPLIST_FILE = VideoPayBackgroundDemo/Info.plist;
				LD_RUNPATH_SEARCH_PATHS = (
					"$(inherited)",
					"@executable_path/Frameworks",
				);
				PRODUCT_BUNDLE_IDENTIFIER = Minhasoft.VideoPayBackgroundDemo;
				PRODUCT_NAME = "$(TARGET_NAME)";
				SWIFT_VERSION = 5.0;
				TARGETED_DEVICE_FAMILY = "1,2";
			};
			name = Release;
		};
/* End XCBuildConfiguration section */

/* Begin XCConfigurationList section */
		E316CA5A24B3809F00117AE2 /* Build configuration list for PBXProject "VideoPayBackgroundDemo" */ = {
			isa = XCConfigurationList;
			buildConfigurations = (
				E316CA7124B380A200117AE2 /* Debug */,
				E316CA7224B380A200117AE2 /* Release */,
			);
			defaultConfigurationIsVisible = 0;
			defaultConfigurationName = Release;
		};
		E316CA7324B380A200117AE2 /* Build configuration list for PBXNativeTarget "VideoPayBackgroundDemo" */ = {
			isa = XCConfigurationList;
			buildConfigurations = (
				E316CA7424B380A200117AE2 /* Debug */,
				E316CA7524B380A200117AE2 /* Release */,
			);
			defaultConfigurationIsVisible = 0;
			defaultConfigurationName = Release;
		};
/* End XCConfigurationList section */
	};
	rootObject = E316CA5724B3809F00117AE2 /* Project object */;
}
